
Microsoft Visual Studio Solution File, Format Version 12.00
# Visual Studio Version 16
VisualStudioVersion = 16.0.28922.388
MinimumVisualStudioVersion = 10.0.40219.1
Project("{FAE04EC0-301F-11D3-BF4B-00C04F79EFBC}") = "RolePlayApp.UserInterface", "RolePlayApp.UserInterface\RolePlayApp.UserInterface.csproj", "{0C15B5AF-1E87-4BDA-BDEB-BE8836F4ECBC}"
EndProject
Project("{FAE04EC0-301F-11D3-BF4B-00C04F79EFBC}") = "RolePlayApp.Backend", "Application\RolePlayApp.Backend.csproj", "{36A70932-2E98-4BB1-9EBF-A4C6B057D07B}"
EndProject
Global
	GlobalSection(SolutionConfigurationPlatforms) = preSolution
		Debug|Any CPU = Debug|Any CPU
		Release|Any CPU = Release|Any CPU
	EndGlobalSection
	GlobalSection(ProjectConfigurationPlatforms) = postSolution
		{0C15B5AF-1E87-4BDA-BDEB-BE8836F4ECBC}.Debug|Any CPU.ActiveCfg = Debug|Any CPU
		{0C15B5AF-1E87-4BDA-BDEB-BE8836F4ECBC}.Debug|Any CPU.Build.0 = Debug|Any CPU
		{0C15B5AF-1E87-4BDA-BDEB-BE8836F4ECBC}.Release|Any CPU.ActiveCfg = Release|Any CPU
		{0C15B5AF-1E87-4BDA-BDEB-BE8836F4ECBC}.Release|Any CPU.Build.0 = Release|Any CPU
		{36A70932-2E98-4BB1-9EBF-A4C6B057D07B}.Debug|Any CPU.ActiveCfg = Debug|Any CPU
		{36A70932-2E98-4BB1-9EBF-A4C6B057D07B}.Debug|Any CPU.Build.0 = Debug|Any CPU
		{36A70932-2E98-4BB1-9EBF-A4C6B057D07B}.Release|Any CPU.ActiveCfg = Release|Any CPU
		{36A70932-2E98-4BB1-9EBF-A4C6B057D07B}.Release|Any CPU.Build.0 = Release|Any CPU
	EndGlobalSection
	GlobalSection(SolutionProperties) = preSolution
		HideSolutionNode = FALSE
	EndGlobalSection
	GlobalSection(ExtensibilityGlobals) = postSolution
		SolutionGuid = {B0448E86-ADEC-415C-AC2E-38862F2B8510}
	EndGlobalSection
EndGlobal
